
Microsoft Visual Studio Solution File, Format Version 12.00
# Visual Studio Version 16
VisualStudioVersion = 16.0.29613.14
MinimumVisualStudioVersion = 10.0.40219.1
Project("{FAE04EC0-301F-11D3-BF4B-00C04F79EFBC}") = "WpfApp1 Практическая 5 ГК", "WpfApp1 Практическая 5 ГК.csproj", "{96FCB630-6369-42A4-BCE2-733AA36837CF}"
EndProject
Global
	GlobalSection(SolutionConfigurationPlatforms) = preSolution
		Debug|Any CPU = Debug|Any CPU
		Release|Any CPU = Release|Any CPU
	EndGlobalSection
	GlobalSection(ProjectConfigurationPlatforms) = postSolution
		{96FCB630-6369-42A4-BCE2-733AA36837CF}.Debug|Any CPU.ActiveCfg = Debug|Any CPU
		{96FCB630-6369-42A4-BCE2-733AA36837CF}.Debug|Any CPU.Build.0 = Debug|Any CPU
		{96FCB630-6369-42A4-BCE2-733AA36837CF}.Release|Any CPU.ActiveCfg = Release|Any CPU
		{96FCB630-6369-42A4-BCE2-733AA36837CF}.Release|Any CPU.Build.0 = Release|Any CPU
	EndGlobalSection
	GlobalSection(SolutionProperties) = preSolution
		HideSolutionNode = FALSE
	EndGlobalSection
	GlobalSection(ExtensibilityGlobals) = postSolution
		SolutionGuid = {3CF1889C-A6DA-43C8-86F2-B1D685AE6812}
	EndGlobalSection
EndGlobal
